
Microsoft Visual Studio Solution File, Format Version 12.00
# Visual Studio Version 16
VisualStudioVersion = 16.0.30011.22
MinimumVisualStudioVersion = 10.0.40219.1
Project("{FAE04EC0-301F-11D3-BF4B-00C04F79EFBC}") = "MyList", "MyList\MyList.csproj", "{AC8E5455-51EE-4F4E-90EC-B25666920F85}"
EndProject
Project("{FAE04EC0-301F-11D3-BF4B-00C04F79EFBC}") = "MyList.List", "MyList.List\MyList.List.csproj", "{89481E0E-D997-4E46-80A8-B01922727595}"
EndProject
Project("{FAE04EC0-301F-11D3-BF4B-00C04F79EFBC}") = "MyList.Tests", "MyList.Tests\MyList.Tests.csproj", "{A121AF54-1021-4E8C-9D1F-3E6C3B42C4E7}"
EndProject
Global
	GlobalSection(SolutionConfigurationPlatforms) = preSolution
		Debug|Any CPU = Debug|Any CPU
		Release|Any CPU = Release|Any CPU
	EndGlobalSection
	GlobalSection(ProjectConfigurationPlatforms) = postSolution
		{AC8E5455-51EE-4F4E-90EC-B25666920F85}.Debug|Any CPU.ActiveCfg = Debug|Any CPU
		{AC8E5455-51EE-4F4E-90EC-B25666920F85}.Debug|Any CPU.Build.0 = Debug|Any CPU
		{AC8E5455-51EE-4F4E-90EC-B25666920F85}.Release|Any CPU.ActiveCfg = Release|Any CPU
		{AC8E5455-51EE-4F4E-90EC-B25666920F85}.Release|Any CPU.Build.0 = Release|Any CPU
		{89481E0E-D997-4E46-80A8-B01922727595}.Debug|Any CPU.ActiveCfg = Debug|Any CPU
		{89481E0E-D997-4E46-80A8-B01922727595}.Debug|Any CPU.Build.0 = Debug|Any CPU
		{89481E0E-D997-4E46-80A8-B01922727595}.Release|Any CPU.ActiveCfg = Release|Any CPU
		{89481E0E-D997-4E46-80A8-B01922727595}.Release|Any CPU.Build.0 = Release|Any CPU
		{A121AF54-1021-4E8C-9D1F-3E6C3B42C4E7}.Debug|Any CPU.ActiveCfg = Debug|Any CPU
		{A121AF54-1021-4E8C-9D1F-3E6C3B42C4E7}.Debug|Any CPU.Build.0 = Debug|Any CPU
		{A121AF54-1021-4E8C-9D1F-3E6C3B42C4E7}.Release|Any CPU.ActiveCfg = Release|Any CPU
		{A121AF54-1021-4E8C-9D1F-3E6C3B42C4E7}.Release|Any CPU.Build.0 = Release|Any CPU
	EndGlobalSection
	GlobalSection(SolutionProperties) = preSolution
		HideSolutionNode = FALSE
	EndGlobalSection
	GlobalSection(ExtensibilityGlobals) = postSolution
		SolutionGuid = {B30FCC0A-C295-4D56-8EFE-CFC42F3EB786}
	EndGlobalSection
EndGlobal
